
Microsoft Visual Studio Solution File, Format Version 12.00
# Visual Studio 14
VisualStudioVersion = 14.0.25420.1
MinimumVisualStudioVersion = 10.0.40219.1
Project("{FAE04EC0-301F-11D3-BF4B-00C04F79EFBC}") = "Badger.Tests", "BadgerTests\Badger.Tests.csproj", "{3CC298AA-63B8-4D20-8901-6D3D7975C52D}"
EndProject
Project("{FAE04EC0-301F-11D3-BF4B-00C04F79EFBC}") = "Badger.Core", "BadgerCore\Badger.Core.csproj", "{4620F28B-7810-414A-A5AC-5229B282D315}"
EndProject
Project("{FAE04EC0-301F-11D3-BF4B-00C04F79EFBC}") = "Badger.Runner", "BadgerRunner\Badger.Runner.csproj", "{FB64B3D9-F710-4ECB-8F99-2229B058D70D}"
EndProject
Global
	GlobalSection(SolutionConfigurationPlatforms) = preSolution
		Debug|Any CPU = Debug|Any CPU
		Release|Any CPU = Release|Any CPU
	EndGlobalSection
	GlobalSection(ProjectConfigurationPlatforms) = postSolution
		{3CC298AA-63B8-4D20-8901-6D3D7975C52D}.Debug|Any CPU.ActiveCfg = Debug|Any CPU
		{3CC298AA-63B8-4D20-8901-6D3D7975C52D}.Debug|Any CPU.Build.0 = Debug|Any CPU
		{3CC298AA-63B8-4D20-8901-6D3D7975C52D}.Release|Any CPU.ActiveCfg = Release|Any CPU
		{3CC298AA-63B8-4D20-8901-6D3D7975C52D}.Release|Any CPU.Build.0 = Release|Any CPU
		{4620F28B-7810-414A-A5AC-5229B282D315}.Debug|Any CPU.ActiveCfg = Debug|Any CPU
		{4620F28B-7810-414A-A5AC-5229B282D315}.Debug|Any CPU.Build.0 = Debug|Any CPU
		{4620F28B-7810-414A-A5AC-5229B282D315}.Release|Any CPU.ActiveCfg = Release|Any CPU
		{4620F28B-7810-414A-A5AC-5229B282D315}.Release|Any CPU.Build.0 = Release|Any CPU
		{FB64B3D9-F710-4ECB-8F99-2229B058D70D}.Debug|Any CPU.ActiveCfg = Debug|Any CPU
		{FB64B3D9-F710-4ECB-8F99-2229B058D70D}.Debug|Any CPU.Build.0 = Debug|Any CPU
		{FB64B3D9-F710-4ECB-8F99-2229B058D70D}.Release|Any CPU.ActiveCfg = Release|Any CPU
		{FB64B3D9-F710-4ECB-8F99-2229B058D70D}.Release|Any CPU.Build.0 = Release|Any CPU
	EndGlobalSection
	GlobalSection(SolutionProperties) = preSolution
		HideSolutionNode = FALSE
	EndGlobalSection
EndGlobal
